
Microsoft Visual Studio Solution File, Format Version 12.00
# Visual Studio Version 17
VisualStudioVersion = 17.8.34330.188
MinimumVisualStudioVersion = 10.0.40219.1
Project("{9A19103F-16F7-4668-BE54-9A1E7A4F7556}") = "SqlMembershipAdapter", "src\SqlMembershipAdapter\SqlMembershipAdapter.csproj", "{5B2C7FEE-D896-4441-8F83-6E26F358F525}"
EndProject
Project("{FAE04EC0-301F-11D3-BF4B-00C04F79EFBC}") = "SqlMembershipAdapter.Tests", "tests\SqlMembershipAdapter.Tests\SqlMembershipAdapter.Tests.csproj", "{D8E35C62-8DE9-4A49-B818-8565839DB697}"
EndProject
Global
	GlobalSection(SolutionConfigurationPlatforms) = preSolution
		Debug|Any CPU = Debug|Any CPU
		Release|Any CPU = Release|Any CPU
	EndGlobalSection
	GlobalSection(ProjectConfigurationPlatforms) = postSolution
		{5B2C7FEE-D896-4441-8F83-6E26F358F525}.Debug|Any CPU.ActiveCfg = Debug|Any CPU
		{5B2C7FEE-D896-4441-8F83-6E26F358F525}.Debug|Any CPU.Build.0 = Debug|Any CPU
		{5B2C7FEE-D896-4441-8F83-6E26F358F525}.Release|Any CPU.ActiveCfg = Release|Any CPU
		{5B2C7FEE-D896-4441-8F83-6E26F358F525}.Release|Any CPU.Build.0 = Release|Any CPU
		{D8E35C62-8DE9-4A49-B818-8565839DB697}.Debug|Any CPU.ActiveCfg = Debug|Any CPU
		{D8E35C62-8DE9-4A49-B818-8565839DB697}.Debug|Any CPU.Build.0 = Debug|Any CPU
		{D8E35C62-8DE9-4A49-B818-8565839DB697}.Release|Any CPU.ActiveCfg = Release|Any CPU
		{D8E35C62-8DE9-4A49-B818-8565839DB697}.Release|Any CPU.Build.0 = Release|Any CPU
	EndGlobalSection
	GlobalSection(SolutionProperties) = preSolution
		HideSolutionNode = FALSE
	EndGlobalSection
	GlobalSection(ExtensibilityGlobals) = postSolution
		SolutionGuid = {071D80FC-B9C7-4DBC-B307-7ED0B61FBD86}
	EndGlobalSection
EndGlobal
